
Microsoft Visual Studio Solution File, Format Version 12.00
# Visual Studio Version 16
VisualStudioVersion = 16.0.31911.196
MinimumVisualStudioVersion = 10.0.40219.1
Project("{FAE04EC0-301F-11D3-BF4B-00C04F79EFBC}") = "Lab21", "Lab21\Lab21.csproj", "{6CBDB515-DD1F-4968-8762-ABF8BAB205B3}"
EndProject
Global
	GlobalSection(SolutionConfigurationPlatforms) = preSolution
		Debug|Any CPU = Debug|Any CPU
		Release|Any CPU = Release|Any CPU
	EndGlobalSection
	GlobalSection(ProjectConfigurationPlatforms) = postSolution
		{6CBDB515-DD1F-4968-8762-ABF8BAB205B3}.Debug|Any CPU.ActiveCfg = Debug|Any CPU
		{6CBDB515-DD1F-4968-8762-ABF8BAB205B3}.Debug|Any CPU.Build.0 = Debug|Any CPU
		{6CBDB515-DD1F-4968-8762-ABF8BAB205B3}.Release|Any CPU.ActiveCfg = Release|Any CPU
		{6CBDB515-DD1F-4968-8762-ABF8BAB205B3}.Release|Any CPU.Build.0 = Release|Any CPU
	EndGlobalSection
	GlobalSection(SolutionProperties) = preSolution
		HideSolutionNode = FALSE
	EndGlobalSection
	GlobalSection(ExtensibilityGlobals) = postSolution
		SolutionGuid = {7D6492C8-3D5D-40A8-8800-38725BE03128}
	EndGlobalSection
EndGlobal
